<?xml version="1.0" encoding="UTF-8" standalone="yes" ?>
<CodeBlocks_project_file>
   <FileVersion major="1" minor="6" />
   <Project>
      <Option title="irdv_sim" />
      <Option makefile_is_custom="1" />
      <Option compiler="gcc" />
      <Option virtualFolders="CMake Files\;CMake Files\..\;CMake Files\..\..\;CMake Files\..\..\..\;CMake Files\..\..\..\..\;CMake Files\..\..\..\..\usr\;CMake Files\..\..\..\..\usr\local\;CMake Files\..\..\..\..\usr\local\share\;CMake Files\..\..\..\..\usr\local\share\OpenCV\;CMake Files\..\..\..\..\usr\local\share\pcl-1.8\;CMake Files\..\..\..\..\usr\local\lib\;CMake Files\..\..\..\..\usr\local\lib\cmake\;CMake Files\..\..\..\..\usr\local\lib\cmake\vtk-7.0\;CMake Files\..\..\..\..\usr\local\lib\cmake\vtk-7.0\Modules\;" />
      <Build>
      <Target title="all">
         <Option working_dir="/Users/zhu/coding/irdv_sim/build_mac" />
         <Option type="4" />
         <MakeCommands>
            <Build command="/usr/bin/make -f &quot;/Users/zhu/coding/irdv_sim/build_mac/Makefile&quot;  VERBOSE=1 all" />
            <CompileFile command="/usr/bin/make -f &quot;/Users/zhu/coding/irdv_sim/build_mac/Makefile&quot;  VERBOSE=1 &quot;$file&quot;" />
            <Clean command="/usr/bin/make -f &quot;/Users/zhu/coding/irdv_sim/build_mac/Makefile&quot;  VERBOSE=1 clean" />
            <DistClean command="/usr/bin/make -f &quot;/Users/zhu/coding/irdv_sim/build_mac/Makefile&quot;  VERBOSE=1 clean" />
         </MakeCommands>
      </Target>
      <Target title="edit_cache">
         <Option working_dir="/Users/zhu/coding/irdv_sim/build_mac" />
         <Option type="4" />
         <MakeCommands>
            <Build command="/usr/bin/make -f &quot;/Users/zhu/coding/irdv_sim/build_mac/Makefile&quot;  VERBOSE=1 edit_cache" />
            <CompileFile command="/usr/bin/make -f &quot;/Users/zhu/coding/irdv_sim/build_mac/Makefile&quot;  VERBOSE=1 &quot;$file&quot;" />
            <Clean command="/usr/bin/make -f &quot;/Users/zhu/coding/irdv_sim/build_mac/Makefile&quot;  VERBOSE=1 clean" />
            <DistClean command="/usr/bin/make -f &quot;/Users/zhu/coding/irdv_sim/build_mac/Makefile&quot;  VERBOSE=1 clean" />
         </MakeCommands>
      </Target>
      <Target title="rebuild_cache">
         <Option working_dir="/Users/zhu/coding/irdv_sim/build_mac" />
         <Option type="4" />
         <MakeCommands>
            <Build command="/usr/bin/make -f &quot;/Users/zhu/coding/irdv_sim/build_mac/Makefile&quot;  VERBOSE=1 rebuild_cache" />
            <CompileFile command="/usr/bin/make -f &quot;/Users/zhu/coding/irdv_sim/build_mac/Makefile&quot;  VERBOSE=1 &quot;$file&quot;" />
            <Clean command="/usr/bin/make -f &quot;/Users/zhu/coding/irdv_sim/build_mac/Makefile&quot;  VERBOSE=1 clean" />
            <DistClean command="/usr/bin/make -f &quot;/Users/zhu/coding/irdv_sim/build_mac/Makefile&quot;  VERBOSE=1 clean" />
         </MakeCommands>
      </Target>
      <Target title="main">
         <Option output="/Users/zhu/coding/irdv_sim/build_mac/main" prefix_auto="0" extension_auto="0" />
         <Option working_dir="/Users/zhu/coding/irdv_sim/build_mac" />
         <Option object_output="./" />
         <Option type="1" />
         <Option compiler="gcc" />
         <Compiler>
            <Add option="-DDISABLE_OPENNI" />
            <Add option="-DDISABLE_OPENNI2" />
            <Add option="-DDISABLE_ENSENSO" />
            <Add option="-DDISABLE_DAVIDSDK" />
            <Add option="-DDISABLE_DSSDK" />
            <Add option="-DDISABLE_PCAP" />
            <Add option="-DDISABLE_PNG" />
            <Add option="-DvtkDomainsChemistry_AUTOINIT=1(vtkDomainsChemistryOpenGL2)" />
            <Add option="-DvtkRenderingContext2D_AUTOINIT=1(vtkRenderingContextOpenGL2)" />
            <Add option="-DvtkRenderingCore_AUTOINIT=3(vtkInteractionStyle,vtkRenderingFreeType,vtkRenderingOpenGL2)" />
            <Add option="-DvtkRenderingVolume_AUTOINIT=1(vtkRenderingVolumeOpenGL2)" />
            <Add option="-DDISABLE_LIBUSB_1_0" />
            <Add option="-DDISABLE_RSSDK" />
            <Add directory="/Applications/Xcode.app/Contents/Developer/Toolchains/XcodeDefault.xctoolchain/usr/bin/../include/c++/v1" />
            <Add directory="/Applications/Xcode.app/Contents/Developer/Toolchains/XcodeDefault.xctoolchain/usr/bin/../lib/clang/7.3.0/include" />
            <Add directory="/Applications/Xcode.app/Contents/Developer/Toolchains/XcodeDefault.xctoolchain/usr/include" />
            <Add directory="/Library/Frameworks" />
            <Add directory="/System/Library/Frameworks" />
            <Add directory="/Users/zhu/coding/irdv_sim/../src/reconstruct/libelas" />
            <Add directory="/Users/zhu/coding/irdv_sim/src" />
            <Add directory="/usr/include" />
            <Add directory="/usr/local/include" />
            <Add directory="/usr/local/include/eigen3" />
            <Add directory="/usr/local/include/opencv" />
            <Add directory="/usr/local/include/pcl-1.8" />
            <Add directory="/usr/local/include/vtk-7.0" />
         </Compiler>
         <MakeCommands>
            <Build command="/usr/bin/make -f &quot;/Users/zhu/coding/irdv_sim/build_mac/Makefile&quot;  VERBOSE=1 main" />
            <CompileFile command="/usr/bin/make -f &quot;/Users/zhu/coding/irdv_sim/build_mac/Makefile&quot;  VERBOSE=1 &quot;$file&quot;" />
            <Clean command="/usr/bin/make -f &quot;/Users/zhu/coding/irdv_sim/build_mac/Makefile&quot;  VERBOSE=1 clean" />
            <DistClean command="/usr/bin/make -f &quot;/Users/zhu/coding/irdv_sim/build_mac/Makefile&quot;  VERBOSE=1 clean" />
         </MakeCommands>
      </Target>
      <Target title="main/fast">
         <Option output="/Users/zhu/coding/irdv_sim/build_mac/main" prefix_auto="0" extension_auto="0" />
         <Option working_dir="/Users/zhu/coding/irdv_sim/build_mac" />
         <Option object_output="./" />
         <Option type="1" />
         <Option compiler="gcc" />
         <Compiler>
            <Add option="-DDISABLE_OPENNI" />
            <Add option="-DDISABLE_OPENNI2" />
            <Add option="-DDISABLE_ENSENSO" />
            <Add option="-DDISABLE_DAVIDSDK" />
            <Add option="-DDISABLE_DSSDK" />
            <Add option="-DDISABLE_PCAP" />
            <Add option="-DDISABLE_PNG" />
            <Add option="-DvtkDomainsChemistry_AUTOINIT=1(vtkDomainsChemistryOpenGL2)" />
            <Add option="-DvtkRenderingContext2D_AUTOINIT=1(vtkRenderingContextOpenGL2)" />
            <Add option="-DvtkRenderingCore_AUTOINIT=3(vtkInteractionStyle,vtkRenderingFreeType,vtkRenderingOpenGL2)" />
            <Add option="-DvtkRenderingVolume_AUTOINIT=1(vtkRenderingVolumeOpenGL2)" />
            <Add option="-DDISABLE_LIBUSB_1_0" />
            <Add option="-DDISABLE_RSSDK" />
            <Add directory="/Applications/Xcode.app/Contents/Developer/Toolchains/XcodeDefault.xctoolchain/usr/bin/../include/c++/v1" />
            <Add directory="/Applications/Xcode.app/Contents/Developer/Toolchains/XcodeDefault.xctoolchain/usr/bin/../lib/clang/7.3.0/include" />
            <Add directory="/Applications/Xcode.app/Contents/Developer/Toolchains/XcodeDefault.xctoolchain/usr/include" />
            <Add directory="/Library/Frameworks" />
            <Add directory="/System/Library/Frameworks" />
            <Add directory="/Users/zhu/coding/irdv_sim/../src/reconstruct/libelas" />
            <Add directory="/Users/zhu/coding/irdv_sim/src" />
            <Add directory="/usr/include" />
            <Add directory="/usr/local/include" />
            <Add directory="/usr/local/include/eigen3" />
            <Add directory="/usr/local/include/opencv" />
            <Add directory="/usr/local/include/pcl-1.8" />
            <Add directory="/usr/local/include/vtk-7.0" />
         </Compiler>
         <MakeCommands>
            <Build command="/usr/bin/make -f &quot;/Users/zhu/coding/irdv_sim/build_mac/Makefile&quot;  VERBOSE=1 main/fast" />
            <CompileFile command="/usr/bin/make -f &quot;/Users/zhu/coding/irdv_sim/build_mac/Makefile&quot;  VERBOSE=1 &quot;$file&quot;" />
            <Clean command="/usr/bin/make -f &quot;/Users/zhu/coding/irdv_sim/build_mac/Makefile&quot;  VERBOSE=1 clean" />
            <DistClean command="/usr/bin/make -f &quot;/Users/zhu/coding/irdv_sim/build_mac/Makefile&quot;  VERBOSE=1 clean" />
         </MakeCommands>
      </Target>
      </Build>
      <Unit filename="/Users/zhu/coding/irdv_sim/src/basefunc/basefunc.cpp">
         <Option target="main"/>
      </Unit>
      <Unit filename="/Users/zhu/coding/irdv_sim/src/basefunc/basefunc.h">
         <Option target="main"/>
      </Unit>
      <Unit filename="/Users/zhu/coding/irdv_sim/src/calib/stereocalib.cpp">
         <Option target="main"/>
      </Unit>
      <Unit filename="/Users/zhu/coding/irdv_sim/src/calib/stereocalib.h">
         <Option target="main"/>
      </Unit>
      <Unit filename="/Users/zhu/coding/irdv_sim/src/main.cpp">
         <Option target="main"/>
      </Unit>
      <Unit filename="/Users/zhu/coding/irdv_sim/src/reconstruct/libelas/descriptor.cpp">
         <Option target="main"/>
      </Unit>
      <Unit filename="/Users/zhu/coding/irdv_sim/src/reconstruct/libelas/descriptor.h">
         <Option target="main"/>
      </Unit>
      <Unit filename="/Users/zhu/coding/irdv_sim/src/reconstruct/libelas/elas.cpp">
         <Option target="main"/>
      </Unit>
      <Unit filename="/Users/zhu/coding/irdv_sim/src/reconstruct/libelas/elas.h">
         <Option target="main"/>
      </Unit>
      <Unit filename="/Users/zhu/coding/irdv_sim/src/reconstruct/libelas/filter.cpp">
         <Option target="main"/>
      </Unit>
      <Unit filename="/Users/zhu/coding/irdv_sim/src/reconstruct/libelas/filter.h">
         <Option target="main"/>
      </Unit>
      <Unit filename="/Users/zhu/coding/irdv_sim/src/reconstruct/libelas/matrix.cpp">
         <Option target="main"/>
      </Unit>
      <Unit filename="/Users/zhu/coding/irdv_sim/src/reconstruct/libelas/matrix.h">
         <Option target="main"/>
      </Unit>
      <Unit filename="/Users/zhu/coding/irdv_sim/src/reconstruct/libelas/triangle.cpp">
         <Option target="main"/>
      </Unit>
      <Unit filename="/Users/zhu/coding/irdv_sim/src/reconstruct/libelas/triangle.h">
         <Option target="main"/>
      </Unit>
      <Unit filename="/Users/zhu/coding/irdv_sim/src/reconstruct/stereoreconstruction.cpp">
         <Option target="main"/>
      </Unit>
      <Unit filename="/Users/zhu/coding/irdv_sim/src/reconstruct/stereoreconstruction.h">
         <Option target="main"/>
      </Unit>
      <Unit filename="/Users/zhu/coding/irdv_sim/src/rectify/stereorectify.cpp">
         <Option target="main"/>
      </Unit>
      <Unit filename="/Users/zhu/coding/irdv_sim/src/rectify/stereorectify.h">
         <Option target="main"/>
      </Unit>
      <Unit filename="/Users/zhu/coding/irdv_sim/CMakeLists.txt">
          <Option virtualFolder="CMake Files\" />
      </Unit>
      <Unit filename="/Users/zhu/coding/irdv_sim/../../../../usr/local/share/OpenCV/OpenCVConfig-version.cmake">
          <Option virtualFolder="CMake Files\..\..\..\..\usr\local\share\OpenCV\" />
      </Unit>
      <Unit filename="/Users/zhu/coding/irdv_sim/../../../../usr/local/share/OpenCV/OpenCVConfig.cmake">
          <Option virtualFolder="CMake Files\..\..\..\..\usr\local\share\OpenCV\" />
      </Unit>
      <Unit filename="/Users/zhu/coding/irdv_sim/../../../../usr/local/share/OpenCV/OpenCVModules.cmake">
          <Option virtualFolder="CMake Files\..\..\..\..\usr\local\share\OpenCV\" />
      </Unit>
      <Unit filename="/Users/zhu/coding/irdv_sim/../../../../usr/local/share/OpenCV/OpenCVModules-release.cmake">
          <Option virtualFolder="CMake Files\..\..\..\..\usr\local\share\OpenCV\" />
      </Unit>
      <Unit filename="/Users/zhu/coding/irdv_sim/../../../../usr/local/share/pcl-1.8/PCLConfigVersion.cmake">
          <Option virtualFolder="CMake Files\..\..\..\..\usr\local\share\pcl-1.8\" />
      </Unit>
      <Unit filename="/Users/zhu/coding/irdv_sim/../../../../usr/local/share/pcl-1.8/PCLConfig.cmake">
          <Option virtualFolder="CMake Files\..\..\..\..\usr\local\share\pcl-1.8\" />
      </Unit>
      <Unit filename="/Users/zhu/coding/irdv_sim/../../../../usr/local/lib/cmake/vtk-7.0/VTKConfigVersion.cmake">
          <Option virtualFolder="CMake Files\..\..\..\..\usr\local\lib\cmake\vtk-7.0\" />
      </Unit>
      <Unit filename="/Users/zhu/coding/irdv_sim/../../../../usr/local/lib/cmake/vtk-7.0/VTKConfig.cmake">
          <Option virtualFolder="CMake Files\..\..\..\..\usr\local\lib\cmake\vtk-7.0\" />
      </Unit>
      <Unit filename="/Users/zhu/coding/irdv_sim/../../../../usr/local/lib/cmake/vtk-7.0/VTKTargets.cmake">
          <Option virtualFolder="CMake Files\..\..\..\..\usr\local\lib\cmake\vtk-7.0\" />
      </Unit>
      <Unit filename="/Users/zhu/coding/irdv_sim/../../../../usr/local/lib/cmake/vtk-7.0/VTKTargets-debug.cmake">
          <Option virtualFolder="CMake Files\..\..\..\..\usr\local\lib\cmake\vtk-7.0\" />
      </Unit>
      <Unit filename="/Users/zhu/coding/irdv_sim/../../../../usr/local/lib/cmake/vtk-7.0/vtkModuleAPI.cmake">
          <Option virtualFolder="CMake Files\..\..\..\..\usr\local\lib\cmake\vtk-7.0\" />
      </Unit>
      <Unit filename="/Users/zhu/coding/irdv_sim/../../../../usr/local/lib/cmake/vtk-7.0/UseVTK.cmake">
          <Option virtualFolder="CMake Files\..\..\..\..\usr\local\lib\cmake\vtk-7.0\" />
      </Unit>
      <Unit filename="/Users/zhu/coding/irdv_sim/../../../../usr/local/lib/cmake/vtk-7.0/VTKConfigVersion.cmake">
          <Option virtualFolder="CMake Files\..\..\..\..\usr\local\lib\cmake\vtk-7.0\" />
      </Unit>
      <Unit filename="/Users/zhu/coding/irdv_sim/../../../../usr/local/lib/cmake/vtk-7.0/VTKConfig.cmake">
          <Option virtualFolder="CMake Files\..\..\..\..\usr\local\lib\cmake\vtk-7.0\" />
      </Unit>
      <Unit filename="/Users/zhu/coding/irdv_sim/../../../../usr/local/lib/cmake/vtk-7.0/vtkModuleAPI.cmake">
          <Option virtualFolder="CMake Files\..\..\..\..\usr\local\lib\cmake\vtk-7.0\" />
      </Unit>
      <Unit filename="/Users/zhu/coding/irdv_sim/../../../../usr/local/lib/cmake/vtk-7.0/UseVTK.cmake">
          <Option virtualFolder="CMake Files\..\..\..\..\usr\local\lib\cmake\vtk-7.0\" />
      </Unit>
      <Unit filename="/Users/zhu/coding/irdv_sim/../../../../usr/local/lib/cmake/vtk-7.0/Modules/vtkalglib.cmake">
          <Option virtualFolder="CMake Files\..\..\..\..\usr\local\lib\cmake\vtk-7.0\Modules\" />
      </Unit>
      <Unit filename="/Users/zhu/coding/irdv_sim/../../../../usr/local/lib/cmake/vtk-7.0/Modules/vtkChartsCore.cmake">
          <Option virtualFolder="CMake Files\..\..\..\..\usr\local\lib\cmake\vtk-7.0\Modules\" />
      </Unit>
      <Unit filename="/Users/zhu/coding/irdv_sim/../../../../usr/local/lib/cmake/vtk-7.0/Modules/vtkCommonColor.cmake">
          <Option virtualFolder="CMake Files\..\..\..\..\usr\local\lib\cmake\vtk-7.0\Modules\" />
      </Unit>
      <Unit filename="/Users/zhu/coding/irdv_sim/../../../../usr/local/lib/cmake/vtk-7.0/Modules/vtkCommonDataModel.cmake">
          <Option virtualFolder="CMake Files\..\..\..\..\usr\local\lib\cmake\vtk-7.0\Modules\" />
      </Unit>
      <Unit filename="/Users/zhu/coding/irdv_sim/../../../../usr/local/lib/cmake/vtk-7.0/Modules/vtkCommonMath.cmake">
          <Option virtualFolder="CMake Files\..\..\..\..\usr\local\lib\cmake\vtk-7.0\Modules\" />
      </Unit>
      <Unit filename="/Users/zhu/coding/irdv_sim/../../../../usr/local/lib/cmake/vtk-7.0/Modules/vtkCommonCore.cmake">
          <Option virtualFolder="CMake Files\..\..\..\..\usr\local\lib\cmake\vtk-7.0\Modules\" />
      </Unit>
      <Unit filename="/Users/zhu/coding/irdv_sim/../../../../usr/local/lib/cmake/vtk-7.0/Modules/vtksys.cmake">
          <Option virtualFolder="CMake Files\..\..\..\..\usr\local\lib\cmake\vtk-7.0\Modules\" />
      </Unit>
      <Unit filename="/Users/zhu/coding/irdv_sim/../../../../usr/local/lib/cmake/vtk-7.0/Modules/vtkCommonMisc.cmake">
          <Option virtualFolder="CMake Files\..\..\..\..\usr\local\lib\cmake\vtk-7.0\Modules\" />
      </Unit>
      <Unit filename="/Users/zhu/coding/irdv_sim/../../../../usr/local/lib/cmake/vtk-7.0/Modules/vtkCommonSystem.cmake">
          <Option virtualFolder="CMake Files\..\..\..\..\usr\local\lib\cmake\vtk-7.0\Modules\" />
      </Unit>
      <Unit filename="/Users/zhu/coding/irdv_sim/../../../../usr/local/lib/cmake/vtk-7.0/Modules/vtkCommonTransforms.cmake">
          <Option virtualFolder="CMake Files\..\..\..\..\usr\local\lib\cmake\vtk-7.0\Modules\" />
      </Unit>
      <Unit filename="/Users/zhu/coding/irdv_sim/../../../../usr/local/lib/cmake/vtk-7.0/Modules/vtkInfovisCore.cmake">
          <Option virtualFolder="CMake Files\..\..\..\..\usr\local\lib\cmake\vtk-7.0\Modules\" />
      </Unit>
      <Unit filename="/Users/zhu/coding/irdv_sim/../../../../usr/local/lib/cmake/vtk-7.0/Modules/vtkFiltersExtraction.cmake">
          <Option virtualFolder="CMake Files\..\..\..\..\usr\local\lib\cmake\vtk-7.0\Modules\" />
      </Unit>
      <Unit filename="/Users/zhu/coding/irdv_sim/../../../../usr/local/lib/cmake/vtk-7.0/Modules/vtkCommonExecutionModel.cmake">
          <Option virtualFolder="CMake Files\..\..\..\..\usr\local\lib\cmake\vtk-7.0\Modules\" />
      </Unit>
      <Unit filename="/Users/zhu/coding/irdv_sim/../../../../usr/local/lib/cmake/vtk-7.0/Modules/vtkFiltersCore.cmake">
          <Option virtualFolder="CMake Files\..\..\..\..\usr\local\lib\cmake\vtk-7.0\Modules\" />
      </Unit>
      <Unit filename="/Users/zhu/coding/irdv_sim/../../../../usr/local/lib/cmake/vtk-7.0/Modules/vtkFiltersGeneral.cmake">
          <Option virtualFolder="CMake Files\..\..\..\..\usr\local\lib\cmake\vtk-7.0\Modules\" />
      </Unit>
      <Unit filename="/Users/zhu/coding/irdv_sim/../../../../usr/local/lib/cmake/vtk-7.0/Modules/vtkCommonComputationalGeometry.cmake">
          <Option virtualFolder="CMake Files\..\..\..\..\usr\local\lib\cmake\vtk-7.0\Modules\" />
      </Unit>
      <Unit filename="/Users/zhu/coding/irdv_sim/../../../../usr/local/lib/cmake/vtk-7.0/Modules/vtkFiltersStatistics.cmake">
          <Option virtualFolder="CMake Files\..\..\..\..\usr\local\lib\cmake\vtk-7.0\Modules\" />
      </Unit>
      <Unit filename="/Users/zhu/coding/irdv_sim/../../../../usr/local/lib/cmake/vtk-7.0/Modules/vtkImagingFourier.cmake">
          <Option virtualFolder="CMake Files\..\..\..\..\usr\local\lib\cmake\vtk-7.0\Modules\" />
      </Unit>
      <Unit filename="/Users/zhu/coding/irdv_sim/../../../../usr/local/lib/cmake/vtk-7.0/Modules/vtkImagingCore.cmake">
          <Option virtualFolder="CMake Files\..\..\..\..\usr\local\lib\cmake\vtk-7.0\Modules\" />
      </Unit>
      <Unit filename="/Users/zhu/coding/irdv_sim/../../../../usr/local/lib/cmake/vtk-7.0/Modules/vtkRenderingContext2D.cmake">
          <Option virtualFolder="CMake Files\..\..\..\..\usr\local\lib\cmake\vtk-7.0\Modules\" />
      </Unit>
      <Unit filename="/Users/zhu/coding/irdv_sim/../../../../usr/local/lib/cmake/vtk-7.0/Modules/vtkRenderingCore.cmake">
          <Option virtualFolder="CMake Files\..\..\..\..\usr\local\lib\cmake\vtk-7.0\Modules\" />
      </Unit>
      <Unit filename="/Users/zhu/coding/irdv_sim/../../../../usr/local/lib/cmake/vtk-7.0/Modules/vtkFiltersGeometry.cmake">
          <Option virtualFolder="CMake Files\..\..\..\..\usr\local\lib\cmake\vtk-7.0\Modules\" />
      </Unit>
      <Unit filename="/Users/zhu/coding/irdv_sim/../../../../usr/local/lib/cmake/vtk-7.0/Modules/vtkFiltersSources.cmake">
          <Option virtualFolder="CMake Files\..\..\..\..\usr\local\lib\cmake\vtk-7.0\Modules\" />
      </Unit>
      <Unit filename="/Users/zhu/coding/irdv_sim/../../../../usr/local/lib/cmake/vtk-7.0/Modules/vtkRenderingFreeType.cmake">
          <Option virtualFolder="CMake Files\..\..\..\..\usr\local\lib\cmake\vtk-7.0\Modules\" />
      </Unit>
      <Unit filename="/Users/zhu/coding/irdv_sim/../../../../usr/local/lib/cmake/vtk-7.0/Modules/vtkfreetype.cmake">
          <Option virtualFolder="CMake Files\..\..\..\..\usr\local\lib\cmake\vtk-7.0\Modules\" />
      </Unit>
      <Unit filename="/Users/zhu/coding/irdv_sim/../../../../usr/local/lib/cmake/vtk-7.0/Modules/vtkzlib.cmake">
          <Option virtualFolder="CMake Files\..\..\..\..\usr\local\lib\cmake\vtk-7.0\Modules\" />
      </Unit>
      <Unit filename="/Users/zhu/coding/irdv_sim/../../../../usr/local/lib/cmake/vtk-7.0/Modules/vtkDICOMParser.cmake">
          <Option virtualFolder="CMake Files\..\..\..\..\usr\local\lib\cmake\vtk-7.0\Modules\" />
      </Unit>
      <Unit filename="/Users/zhu/coding/irdv_sim/../../../../usr/local/lib/cmake/vtk-7.0/Modules/vtkDomainsChemistry.cmake">
          <Option virtualFolder="CMake Files\..\..\..\..\usr\local\lib\cmake\vtk-7.0\Modules\" />
      </Unit>
      <Unit filename="/Users/zhu/coding/irdv_sim/../../../../usr/local/lib/cmake/vtk-7.0/Modules/vtkIOXML.cmake">
          <Option virtualFolder="CMake Files\..\..\..\..\usr\local\lib\cmake\vtk-7.0\Modules\" />
      </Unit>
      <Unit filename="/Users/zhu/coding/irdv_sim/../../../../usr/local/lib/cmake/vtk-7.0/Modules/vtkIOGeometry.cmake">
          <Option virtualFolder="CMake Files\..\..\..\..\usr\local\lib\cmake\vtk-7.0\Modules\" />
      </Unit>
      <Unit filename="/Users/zhu/coding/irdv_sim/../../../../usr/local/lib/cmake/vtk-7.0/Modules/vtkIOCore.cmake">
          <Option virtualFolder="CMake Files\..\..\..\..\usr\local\lib\cmake\vtk-7.0\Modules\" />
      </Unit>
      <Unit filename="/Users/zhu/coding/irdv_sim/../../../../usr/local/lib/cmake/vtk-7.0/Modules/vtkIOXMLParser.cmake">
          <Option virtualFolder="CMake Files\..\..\..\..\usr\local\lib\cmake\vtk-7.0\Modules\" />
      </Unit>
      <Unit filename="/Users/zhu/coding/irdv_sim/../../../../usr/local/lib/cmake/vtk-7.0/Modules/vtkexpat.cmake">
          <Option virtualFolder="CMake Files\..\..\..\..\usr\local\lib\cmake\vtk-7.0\Modules\" />
      </Unit>
      <Unit filename="/Users/zhu/coding/irdv_sim/../../../../usr/local/lib/cmake/vtk-7.0/Modules/vtkDomainsChemistryOpenGL2.cmake">
          <Option virtualFolder="CMake Files\..\..\..\..\usr\local\lib\cmake\vtk-7.0\Modules\" />
      </Unit>
      <Unit filename="/Users/zhu/coding/irdv_sim/../../../../usr/local/lib/cmake/vtk-7.0/Modules/vtkRenderingOpenGL2.cmake">
          <Option virtualFolder="CMake Files\..\..\..\..\usr\local\lib\cmake\vtk-7.0\Modules\" />
      </Unit>
      <Unit filename="/Users/zhu/coding/irdv_sim/../../../../usr/local/lib/cmake/vtk-7.0/Modules/vtkImagingHybrid.cmake">
          <Option virtualFolder="CMake Files\..\..\..\..\usr\local\lib\cmake\vtk-7.0\Modules\" />
      </Unit>
      <Unit filename="/Users/zhu/coding/irdv_sim/../../../../usr/local/lib/cmake/vtk-7.0/Modules/vtkIOImage.cmake">
          <Option virtualFolder="CMake Files\..\..\..\..\usr\local\lib\cmake\vtk-7.0\Modules\" />
      </Unit>
      <Unit filename="/Users/zhu/coding/irdv_sim/../../../../usr/local/lib/cmake/vtk-7.0/Modules/vtkMetaIO.cmake">
          <Option virtualFolder="CMake Files\..\..\..\..\usr\local\lib\cmake\vtk-7.0\Modules\" />
      </Unit>
      <Unit filename="/Users/zhu/coding/irdv_sim/../../../../usr/local/lib/cmake/vtk-7.0/Modules/vtkjpeg.cmake">
          <Option virtualFolder="CMake Files\..\..\..\..\usr\local\lib\cmake\vtk-7.0\Modules\" />
      </Unit>
      <Unit filename="/Users/zhu/coding/irdv_sim/../../../../usr/local/lib/cmake/vtk-7.0/Modules/vtkpng.cmake">
          <Option virtualFolder="CMake Files\..\..\..\..\usr\local\lib\cmake\vtk-7.0\Modules\" />
      </Unit>
      <Unit filename="/Users/zhu/coding/irdv_sim/../../../../usr/local/lib/cmake/vtk-7.0/Modules/vtktiff.cmake">
          <Option virtualFolder="CMake Files\..\..\..\..\usr\local\lib\cmake\vtk-7.0\Modules\" />
      </Unit>
      <Unit filename="/Users/zhu/coding/irdv_sim/../../../../usr/local/lib/cmake/vtk-7.0/Modules/vtkUtilitiesEncodeString.cmake">
          <Option virtualFolder="CMake Files\..\..\..\..\usr\local\lib\cmake\vtk-7.0\Modules\" />
      </Unit>
      <Unit filename="/Users/zhu/coding/irdv_sim/../../../../usr/local/lib/cmake/vtk-7.0/Modules/vtkglew.cmake">
          <Option virtualFolder="CMake Files\..\..\..\..\usr\local\lib\cmake\vtk-7.0\Modules\" />
      </Unit>
      <Unit filename="/Users/zhu/coding/irdv_sim/../../../../usr/local/lib/cmake/vtk-7.0/Modules/vtkexodusII.cmake">
          <Option virtualFolder="CMake Files\..\..\..\..\usr\local\lib\cmake\vtk-7.0\Modules\" />
      </Unit>
      <Unit filename="/Users/zhu/coding/irdv_sim/../../../../usr/local/lib/cmake/vtk-7.0/Modules/vtknetcdf.cmake">
          <Option virtualFolder="CMake Files\..\..\..\..\usr\local\lib\cmake\vtk-7.0\Modules\" />
      </Unit>
      <Unit filename="/Users/zhu/coding/irdv_sim/../../../../usr/local/lib/cmake/vtk-7.0/Modules/vtkhdf5.cmake">
          <Option virtualFolder="CMake Files\..\..\..\..\usr\local\lib\cmake\vtk-7.0\Modules\" />
      </Unit>
      <Unit filename="/Users/zhu/coding/irdv_sim/../../../../usr/local/lib/cmake/vtk-7.0/Modules/vtkFiltersAMR.cmake">
          <Option virtualFolder="CMake Files\..\..\..\..\usr\local\lib\cmake\vtk-7.0\Modules\" />
      </Unit>
      <Unit filename="/Users/zhu/coding/irdv_sim/../../../../usr/local/lib/cmake/vtk-7.0/Modules/vtkParallelCore.cmake">
          <Option virtualFolder="CMake Files\..\..\..\..\usr\local\lib\cmake\vtk-7.0\Modules\" />
      </Unit>
      <Unit filename="/Users/zhu/coding/irdv_sim/../../../../usr/local/lib/cmake/vtk-7.0/Modules/vtkIOLegacy.cmake">
          <Option virtualFolder="CMake Files\..\..\..\..\usr\local\lib\cmake\vtk-7.0\Modules\" />
      </Unit>
      <Unit filename="/Users/zhu/coding/irdv_sim/../../../../usr/local/lib/cmake/vtk-7.0/Modules/vtkUtilitiesHashSource.cmake">
          <Option virtualFolder="CMake Files\..\..\..\..\usr\local\lib\cmake\vtk-7.0\Modules\" />
      </Unit>
      <Unit filename="/Users/zhu/coding/irdv_sim/../../../../usr/local/lib/cmake/vtk-7.0/Modules/vtkFiltersFlowPaths.cmake">
          <Option virtualFolder="CMake Files\..\..\..\..\usr\local\lib\cmake\vtk-7.0\Modules\" />
      </Unit>
      <Unit filename="/Users/zhu/coding/irdv_sim/../../../../usr/local/lib/cmake/vtk-7.0/Modules/vtkFiltersGeneric.cmake">
          <Option virtualFolder="CMake Files\..\..\..\..\usr\local\lib\cmake\vtk-7.0\Modules\" />
      </Unit>
      <Unit filename="/Users/zhu/coding/irdv_sim/../../../../usr/local/lib/cmake/vtk-7.0/Modules/vtkFiltersHybrid.cmake">
          <Option virtualFolder="CMake Files\..\..\..\..\usr\local\lib\cmake\vtk-7.0\Modules\" />
      </Unit>
      <Unit filename="/Users/zhu/coding/irdv_sim/../../../../usr/local/lib/cmake/vtk-7.0/Modules/vtkImagingSources.cmake">
          <Option virtualFolder="CMake Files\..\..\..\..\usr\local\lib\cmake\vtk-7.0\Modules\" />
      </Unit>
      <Unit filename="/Users/zhu/coding/irdv_sim/../../../../usr/local/lib/cmake/vtk-7.0/Modules/vtkFiltersHyperTree.cmake">
          <Option virtualFolder="CMake Files\..\..\..\..\usr\local\lib\cmake\vtk-7.0\Modules\" />
      </Unit>
      <Unit filename="/Users/zhu/coding/irdv_sim/../../../../usr/local/lib/cmake/vtk-7.0/Modules/vtkFiltersImaging.cmake">
          <Option virtualFolder="CMake Files\..\..\..\..\usr\local\lib\cmake\vtk-7.0\Modules\" />
      </Unit>
      <Unit filename="/Users/zhu/coding/irdv_sim/../../../../usr/local/lib/cmake/vtk-7.0/Modules/vtkImagingGeneral.cmake">
          <Option virtualFolder="CMake Files\..\..\..\..\usr\local\lib\cmake\vtk-7.0\Modules\" />
      </Unit>
      <Unit filename="/Users/zhu/coding/irdv_sim/../../../../usr/local/lib/cmake/vtk-7.0/Modules/vtkFiltersModeling.cmake">
          <Option virtualFolder="CMake Files\..\..\..\..\usr\local\lib\cmake\vtk-7.0\Modules\" />
      </Unit>
      <Unit filename="/Users/zhu/coding/irdv_sim/../../../../usr/local/lib/cmake/vtk-7.0/Modules/vtkFiltersParallel.cmake">
          <Option virtualFolder="CMake Files\..\..\..\..\usr\local\lib\cmake\vtk-7.0\Modules\" />
      </Unit>
      <Unit filename="/Users/zhu/coding/irdv_sim/../../../../usr/local/lib/cmake/vtk-7.0/Modules/vtkFiltersParallelImaging.cmake">
          <Option virtualFolder="CMake Files\..\..\..\..\usr\local\lib\cmake\vtk-7.0\Modules\" />
      </Unit>
      <Unit filename="/Users/zhu/coding/irdv_sim/../../../../usr/local/lib/cmake/vtk-7.0/Modules/vtkFiltersProgrammable.cmake">
          <Option virtualFolder="CMake Files\..\..\..\..\usr\local\lib\cmake\vtk-7.0\Modules\" />
      </Unit>
      <Unit filename="/Users/zhu/coding/irdv_sim/../../../../usr/local/lib/cmake/vtk-7.0/Modules/vtkFiltersSelection.cmake">
          <Option virtualFolder="CMake Files\..\..\..\..\usr\local\lib\cmake\vtk-7.0\Modules\" />
      </Unit>
      <Unit filename="/Users/zhu/coding/irdv_sim/../../../../usr/local/lib/cmake/vtk-7.0/Modules/vtkFiltersSMP.cmake">
          <Option virtualFolder="CMake Files\..\..\..\..\usr\local\lib\cmake\vtk-7.0\Modules\" />
      </Unit>
      <Unit filename="/Users/zhu/coding/irdv_sim/../../../../usr/local/lib/cmake/vtk-7.0/Modules/vtkFiltersTexture.cmake">
          <Option virtualFolder="CMake Files\..\..\..\..\usr\local\lib\cmake\vtk-7.0\Modules\" />
      </Unit>
      <Unit filename="/Users/zhu/coding/irdv_sim/../../../../usr/local/lib/cmake/vtk-7.0/Modules/vtkFiltersVerdict.cmake">
          <Option virtualFolder="CMake Files\..\..\..\..\usr\local\lib\cmake\vtk-7.0\Modules\" />
      </Unit>
      <Unit filename="/Users/zhu/coding/irdv_sim/../../../../usr/local/lib/cmake/vtk-7.0/Modules/vtkverdict.cmake">
          <Option virtualFolder="CMake Files\..\..\..\..\usr\local\lib\cmake\vtk-7.0\Modules\" />
      </Unit>
      <Unit filename="/Users/zhu/coding/irdv_sim/../../../../usr/local/lib/cmake/vtk-7.0/Modules/vtkGeovisCore.cmake">
          <Option virtualFolder="CMake Files\..\..\..\..\usr\local\lib\cmake\vtk-7.0\Modules\" />
      </Unit>
      <Unit filename="/Users/zhu/coding/irdv_sim/../../../../usr/local/lib/cmake/vtk-7.0/Modules/vtkInfovisLayout.cmake">
          <Option virtualFolder="CMake Files\..\..\..\..\usr\local\lib\cmake\vtk-7.0\Modules\" />
      </Unit>
      <Unit filename="/Users/zhu/coding/irdv_sim/../../../../usr/local/lib/cmake/vtk-7.0/Modules/vtkInteractionStyle.cmake">
          <Option virtualFolder="CMake Files\..\..\..\..\usr\local\lib\cmake\vtk-7.0\Modules\" />
      </Unit>
      <Unit filename="/Users/zhu/coding/irdv_sim/../../../../usr/local/lib/cmake/vtk-7.0/Modules/vtkInteractionWidgets.cmake">
          <Option virtualFolder="CMake Files\..\..\..\..\usr\local\lib\cmake\vtk-7.0\Modules\" />
      </Unit>
      <Unit filename="/Users/zhu/coding/irdv_sim/../../../../usr/local/lib/cmake/vtk-7.0/Modules/vtkRenderingAnnotation.cmake">
          <Option virtualFolder="CMake Files\..\..\..\..\usr\local\lib\cmake\vtk-7.0\Modules\" />
      </Unit>
      <Unit filename="/Users/zhu/coding/irdv_sim/../../../../usr/local/lib/cmake/vtk-7.0/Modules/vtkImagingColor.cmake">
          <Option virtualFolder="CMake Files\..\..\..\..\usr\local\lib\cmake\vtk-7.0\Modules\" />
      </Unit>
      <Unit filename="/Users/zhu/coding/irdv_sim/../../../../usr/local/lib/cmake/vtk-7.0/Modules/vtkRenderingVolume.cmake">
          <Option virtualFolder="CMake Files\..\..\..\..\usr\local\lib\cmake\vtk-7.0\Modules\" />
      </Unit>
      <Unit filename="/Users/zhu/coding/irdv_sim/../../../../usr/local/lib/cmake/vtk-7.0/Modules/vtkViewsCore.cmake">
          <Option virtualFolder="CMake Files\..\..\..\..\usr\local\lib\cmake\vtk-7.0\Modules\" />
      </Unit>
      <Unit filename="/Users/zhu/coding/irdv_sim/../../../../usr/local/lib/cmake/vtk-7.0/Modules/vtklibproj4.cmake">
          <Option virtualFolder="CMake Files\..\..\..\..\usr\local\lib\cmake\vtk-7.0\Modules\" />
      </Unit>
      <Unit filename="/Users/zhu/coding/irdv_sim/../../../../usr/local/lib/cmake/vtk-7.0/Modules/vtkImagingMath.cmake">
          <Option virtualFolder="CMake Files\..\..\..\..\usr\local\lib\cmake\vtk-7.0\Modules\" />
      </Unit>
      <Unit filename="/Users/zhu/coding/irdv_sim/../../../../usr/local/lib/cmake/vtk-7.0/Modules/vtkImagingMorphological.cmake">
          <Option virtualFolder="CMake Files\..\..\..\..\usr\local\lib\cmake\vtk-7.0\Modules\" />
      </Unit>
      <Unit filename="/Users/zhu/coding/irdv_sim/../../../../usr/local/lib/cmake/vtk-7.0/Modules/vtkImagingStatistics.cmake">
          <Option virtualFolder="CMake Files\..\..\..\..\usr\local\lib\cmake\vtk-7.0\Modules\" />
      </Unit>
      <Unit filename="/Users/zhu/coding/irdv_sim/../../../../usr/local/lib/cmake/vtk-7.0/Modules/vtkImagingStencil.cmake">
          <Option virtualFolder="CMake Files\..\..\..\..\usr\local\lib\cmake\vtk-7.0\Modules\" />
      </Unit>
      <Unit filename="/Users/zhu/coding/irdv_sim/../../../../usr/local/lib/cmake/vtk-7.0/Modules/vtkInteractionImage.cmake">
          <Option virtualFolder="CMake Files\..\..\..\..\usr\local\lib\cmake\vtk-7.0\Modules\" />
      </Unit>
      <Unit filename="/Users/zhu/coding/irdv_sim/../../../../usr/local/lib/cmake/vtk-7.0/Modules/vtkIOAMR.cmake">
          <Option virtualFolder="CMake Files\..\..\..\..\usr\local\lib\cmake\vtk-7.0\Modules\" />
      </Unit>
      <Unit filename="/Users/zhu/coding/irdv_sim/../../../../usr/local/lib/cmake/vtk-7.0/Modules/vtkIOEnSight.cmake">
          <Option virtualFolder="CMake Files\..\..\..\..\usr\local\lib\cmake\vtk-7.0\Modules\" />
      </Unit>
      <Unit filename="/Users/zhu/coding/irdv_sim/../../../../usr/local/lib/cmake/vtk-7.0/Modules/vtkIOExodus.cmake">
          <Option virtualFolder="CMake Files\..\..\..\..\usr\local\lib\cmake\vtk-7.0\Modules\" />
      </Unit>
      <Unit filename="/Users/zhu/coding/irdv_sim/../../../../usr/local/lib/cmake/vtk-7.0/Modules/vtkIOExport.cmake">
          <Option virtualFolder="CMake Files\..\..\..\..\usr\local\lib\cmake\vtk-7.0\Modules\" />
      </Unit>
      <Unit filename="/Users/zhu/coding/irdv_sim/../../../../usr/local/lib/cmake/vtk-7.0/Modules/vtkRenderingLabel.cmake">
          <Option virtualFolder="CMake Files\..\..\..\..\usr\local\lib\cmake\vtk-7.0\Modules\" />
      </Unit>
      <Unit filename="/Users/zhu/coding/irdv_sim/../../../../usr/local/lib/cmake/vtk-7.0/Modules/vtkIOImport.cmake">
          <Option virtualFolder="CMake Files\..\..\..\..\usr\local\lib\cmake\vtk-7.0\Modules\" />
      </Unit>
      <Unit filename="/Users/zhu/coding/irdv_sim/../../../../usr/local/lib/cmake/vtk-7.0/Modules/vtkIOInfovis.cmake">
          <Option virtualFolder="CMake Files\..\..\..\..\usr\local\lib\cmake\vtk-7.0\Modules\" />
      </Unit>
      <Unit filename="/Users/zhu/coding/irdv_sim/../../../../usr/local/lib/cmake/vtk-7.0/Modules/vtklibxml2.cmake">
          <Option virtualFolder="CMake Files\..\..\..\..\usr\local\lib\cmake\vtk-7.0\Modules\" />
      </Unit>
      <Unit filename="/Users/zhu/coding/irdv_sim/../../../../usr/local/lib/cmake/vtk-7.0/Modules/vtkIOLSDyna.cmake">
          <Option virtualFolder="CMake Files\..\..\..\..\usr\local\lib\cmake\vtk-7.0\Modules\" />
      </Unit>
      <Unit filename="/Users/zhu/coding/irdv_sim/../../../../usr/local/lib/cmake/vtk-7.0/Modules/vtkIOMINC.cmake">
          <Option virtualFolder="CMake Files\..\..\..\..\usr\local\lib\cmake\vtk-7.0\Modules\" />
      </Unit>
      <Unit filename="/Users/zhu/coding/irdv_sim/../../../../usr/local/lib/cmake/vtk-7.0/Modules/vtkIOMovie.cmake">
          <Option virtualFolder="CMake Files\..\..\..\..\usr\local\lib\cmake\vtk-7.0\Modules\" />
      </Unit>
      <Unit filename="/Users/zhu/coding/irdv_sim/../../../../usr/local/lib/cmake/vtk-7.0/Modules/vtkoggtheora.cmake">
          <Option virtualFolder="CMake Files\..\..\..\..\usr\local\lib\cmake\vtk-7.0\Modules\" />
      </Unit>
      <Unit filename="/Users/zhu/coding/irdv_sim/../../../../usr/local/lib/cmake/vtk-7.0/Modules/vtkIONetCDF.cmake">
          <Option virtualFolder="CMake Files\..\..\..\..\usr\local\lib\cmake\vtk-7.0\Modules\" />
      </Unit>
      <Unit filename="/Users/zhu/coding/irdv_sim/../../../../usr/local/lib/cmake/vtk-7.0/Modules/vtkIOParallel.cmake">
          <Option virtualFolder="CMake Files\..\..\..\..\usr\local\lib\cmake\vtk-7.0\Modules\" />
      </Unit>
      <Unit filename="/Users/zhu/coding/irdv_sim/../../../../usr/local/lib/cmake/vtk-7.0/Modules/vtkjsoncpp.cmake">
          <Option virtualFolder="CMake Files\..\..\..\..\usr\local\lib\cmake\vtk-7.0\Modules\" />
      </Unit>
      <Unit filename="/Users/zhu/coding/irdv_sim/../../../../usr/local/lib/cmake/vtk-7.0/Modules/vtkIOParallelXML.cmake">
          <Option virtualFolder="CMake Files\..\..\..\..\usr\local\lib\cmake\vtk-7.0\Modules\" />
      </Unit>
      <Unit filename="/Users/zhu/coding/irdv_sim/../../../../usr/local/lib/cmake/vtk-7.0/Modules/vtkIOPLY.cmake">
          <Option virtualFolder="CMake Files\..\..\..\..\usr\local\lib\cmake\vtk-7.0\Modules\" />
      </Unit>
      <Unit filename="/Users/zhu/coding/irdv_sim/../../../../usr/local/lib/cmake/vtk-7.0/Modules/vtkIOSQL.cmake">
          <Option virtualFolder="CMake Files\..\..\..\..\usr\local\lib\cmake\vtk-7.0\Modules\" />
      </Unit>
      <Unit filename="/Users/zhu/coding/irdv_sim/../../../../usr/local/lib/cmake/vtk-7.0/Modules/vtksqlite.cmake">
          <Option virtualFolder="CMake Files\..\..\..\..\usr\local\lib\cmake\vtk-7.0\Modules\" />
      </Unit>
      <Unit filename="/Users/zhu/coding/irdv_sim/../../../../usr/local/lib/cmake/vtk-7.0/Modules/vtkIOVideo.cmake">
          <Option virtualFolder="CMake Files\..\..\..\..\usr\local\lib\cmake\vtk-7.0\Modules\" />
      </Unit>
      <Unit filename="/Users/zhu/coding/irdv_sim/../../../../usr/local/lib/cmake/vtk-7.0/Modules/vtkRenderingContextOpenGL2.cmake">
          <Option virtualFolder="CMake Files\..\..\..\..\usr\local\lib\cmake\vtk-7.0\Modules\" />
      </Unit>
      <Unit filename="/Users/zhu/coding/irdv_sim/../../../../usr/local/lib/cmake/vtk-7.0/Modules/vtkRenderingImage.cmake">
          <Option virtualFolder="CMake Files\..\..\..\..\usr\local\lib\cmake\vtk-7.0\Modules\" />
      </Unit>
      <Unit filename="/Users/zhu/coding/irdv_sim/../../../../usr/local/lib/cmake/vtk-7.0/Modules/vtkRenderingLOD.cmake">
          <Option virtualFolder="CMake Files\..\..\..\..\usr\local\lib\cmake\vtk-7.0\Modules\" />
      </Unit>
      <Unit filename="/Users/zhu/coding/irdv_sim/../../../../usr/local/lib/cmake/vtk-7.0/Modules/vtkRenderingVolumeOpenGL2.cmake">
          <Option virtualFolder="CMake Files\..\..\..\..\usr\local\lib\cmake\vtk-7.0\Modules\" />
      </Unit>
      <Unit filename="/Users/zhu/coding/irdv_sim/../../../../usr/local/lib/cmake/vtk-7.0/Modules/vtkViewsContext2D.cmake">
          <Option virtualFolder="CMake Files\..\..\..\..\usr\local\lib\cmake\vtk-7.0\Modules\" />
      </Unit>
      <Unit filename="/Users/zhu/coding/irdv_sim/../../../../usr/local/lib/cmake/vtk-7.0/Modules/vtkViewsInfovis.cmake">
          <Option virtualFolder="CMake Files\..\..\..\..\usr\local\lib\cmake\vtk-7.0\Modules\" />
      </Unit>
   </Project>
</CodeBlocks_project_file>
