<?xml version="1.0" encoding="UTF-8" standalone="yes" ?>
<CodeBlocks_project_file>
   <FileVersion major="1" minor="6" />
   <Project>
      <Option title="main" />
      <Option makefile_is_custom="1" />
      <Option compiler="gcc" />
      <Option virtualFolders="CMake Files\;CMake Files\..\;CMake Files\..\..\;CMake Files\..\..\..\;CMake Files\..\..\..\..\;CMake Files\..\..\..\..\usr\;CMake Files\..\..\..\..\usr\local\;CMake Files\..\..\..\..\usr\local\share\;CMake Files\..\..\..\..\usr\local\share\OpenCV\;CMake Files\..\..\..\..\usr\share\;CMake Files\..\..\..\..\usr\share\pcl-1.7\;CMake Files\..\..\..\..\usr\lib\;CMake Files\..\..\..\..\usr\lib\vtk-5.8\;CMake Files\..\..\..\..\usr\lib\vtk-5.8\CMake\;" />
      <Build>
      <Target title="all">
         <Option working_dir="/home/zhu/irdv_sim20160811/irdv_sim/build_ubuntu" />
         <Option type="4" />
         <MakeCommands>
            <Build command="/usr/bin/make -f &quot;/home/zhu/irdv_sim20160811/irdv_sim/build_ubuntu/Makefile&quot;  VERBOSE=1 all" />
            <CompileFile command="/usr/bin/make -f &quot;/home/zhu/irdv_sim20160811/irdv_sim/build_ubuntu/Makefile&quot;  VERBOSE=1 &quot;$file&quot;" />
            <Clean command="/usr/bin/make -f &quot;/home/zhu/irdv_sim20160811/irdv_sim/build_ubuntu/Makefile&quot;  VERBOSE=1 clean" />
            <DistClean command="/usr/bin/make -f &quot;/home/zhu/irdv_sim20160811/irdv_sim/build_ubuntu/Makefile&quot;  VERBOSE=1 clean" />
         </MakeCommands>
      </Target>
      <Target title="edit_cache">
         <Option working_dir="/home/zhu/irdv_sim20160811/irdv_sim/build_ubuntu" />
         <Option type="4" />
         <MakeCommands>
            <Build command="/usr/bin/make -f &quot;/home/zhu/irdv_sim20160811/irdv_sim/build_ubuntu/Makefile&quot;  VERBOSE=1 edit_cache" />
            <CompileFile command="/usr/bin/make -f &quot;/home/zhu/irdv_sim20160811/irdv_sim/build_ubuntu/Makefile&quot;  VERBOSE=1 &quot;$file&quot;" />
            <Clean command="/usr/bin/make -f &quot;/home/zhu/irdv_sim20160811/irdv_sim/build_ubuntu/Makefile&quot;  VERBOSE=1 clean" />
            <DistClean command="/usr/bin/make -f &quot;/home/zhu/irdv_sim20160811/irdv_sim/build_ubuntu/Makefile&quot;  VERBOSE=1 clean" />
         </MakeCommands>
      </Target>
      <Target title="install">
         <Option working_dir="/home/zhu/irdv_sim20160811/irdv_sim/build_ubuntu" />
         <Option type="4" />
         <MakeCommands>
            <Build command="/usr/bin/make -f &quot;/home/zhu/irdv_sim20160811/irdv_sim/build_ubuntu/Makefile&quot;  VERBOSE=1 install" />
            <CompileFile command="/usr/bin/make -f &quot;/home/zhu/irdv_sim20160811/irdv_sim/build_ubuntu/Makefile&quot;  VERBOSE=1 &quot;$file&quot;" />
            <Clean command="/usr/bin/make -f &quot;/home/zhu/irdv_sim20160811/irdv_sim/build_ubuntu/Makefile&quot;  VERBOSE=1 clean" />
            <DistClean command="/usr/bin/make -f &quot;/home/zhu/irdv_sim20160811/irdv_sim/build_ubuntu/Makefile&quot;  VERBOSE=1 clean" />
         </MakeCommands>
      </Target>
      <Target title="install/local">
         <Option working_dir="/home/zhu/irdv_sim20160811/irdv_sim/build_ubuntu" />
         <Option type="4" />
         <MakeCommands>
            <Build command="/usr/bin/make -f &quot;/home/zhu/irdv_sim20160811/irdv_sim/build_ubuntu/Makefile&quot;  VERBOSE=1 install/local" />
            <CompileFile command="/usr/bin/make -f &quot;/home/zhu/irdv_sim20160811/irdv_sim/build_ubuntu/Makefile&quot;  VERBOSE=1 &quot;$file&quot;" />
            <Clean command="/usr/bin/make -f &quot;/home/zhu/irdv_sim20160811/irdv_sim/build_ubuntu/Makefile&quot;  VERBOSE=1 clean" />
            <DistClean command="/usr/bin/make -f &quot;/home/zhu/irdv_sim20160811/irdv_sim/build_ubuntu/Makefile&quot;  VERBOSE=1 clean" />
         </MakeCommands>
      </Target>
      <Target title="install/strip">
         <Option working_dir="/home/zhu/irdv_sim20160811/irdv_sim/build_ubuntu" />
         <Option type="4" />
         <MakeCommands>
            <Build command="/usr/bin/make -f &quot;/home/zhu/irdv_sim20160811/irdv_sim/build_ubuntu/Makefile&quot;  VERBOSE=1 install/strip" />
            <CompileFile command="/usr/bin/make -f &quot;/home/zhu/irdv_sim20160811/irdv_sim/build_ubuntu/Makefile&quot;  VERBOSE=1 &quot;$file&quot;" />
            <Clean command="/usr/bin/make -f &quot;/home/zhu/irdv_sim20160811/irdv_sim/build_ubuntu/Makefile&quot;  VERBOSE=1 clean" />
            <DistClean command="/usr/bin/make -f &quot;/home/zhu/irdv_sim20160811/irdv_sim/build_ubuntu/Makefile&quot;  VERBOSE=1 clean" />
         </MakeCommands>
      </Target>
      <Target title="list_install_components">
         <Option working_dir="/home/zhu/irdv_sim20160811/irdv_sim/build_ubuntu" />
         <Option type="4" />
         <MakeCommands>
            <Build command="/usr/bin/make -f &quot;/home/zhu/irdv_sim20160811/irdv_sim/build_ubuntu/Makefile&quot;  VERBOSE=1 list_install_components" />
            <CompileFile command="/usr/bin/make -f &quot;/home/zhu/irdv_sim20160811/irdv_sim/build_ubuntu/Makefile&quot;  VERBOSE=1 &quot;$file&quot;" />
            <Clean command="/usr/bin/make -f &quot;/home/zhu/irdv_sim20160811/irdv_sim/build_ubuntu/Makefile&quot;  VERBOSE=1 clean" />
            <DistClean command="/usr/bin/make -f &quot;/home/zhu/irdv_sim20160811/irdv_sim/build_ubuntu/Makefile&quot;  VERBOSE=1 clean" />
         </MakeCommands>
      </Target>
      <Target title="main">
         <Option output="/home/zhu/irdv_sim20160811/irdv_sim/build_ubuntu/main" prefix_auto="0" extension_auto="0" />
         <Option working_dir="/home/zhu/irdv_sim20160811/irdv_sim/build_ubuntu" />
         <Option object_output="./" />
         <Option type="1" />
         <Option compiler="gcc" />
         <Compiler>
            <Add option="-DDISABLE_PCAP" />
            <Add option="-DDISABLE_PNG" />
            <Add directory="/src" />
            <Add directory="/usr/include" />
            <Add directory="/usr/include/c++/4.8" />
            <Add directory="/usr/include/c++/4.8/backward" />
            <Add directory="/usr/include/eigen3" />
            <Add directory="/usr/include/ni" />
            <Add directory="/usr/include/openni2" />
            <Add directory="/usr/include/pcl-1.7" />
            <Add directory="/usr/include/vtk-5.8" />
            <Add directory="/usr/include/x86_64-linux-gnu" />
            <Add directory="/usr/include/x86_64-linux-gnu/c++/4.8" />
            <Add directory="/usr/lib/gcc/x86_64-linux-gnu/4.8/include" />
            <Add directory="/usr/lib/gcc/x86_64-linux-gnu/4.8/include-fixed" />
            <Add directory="/usr/local/include" />
            <Add directory="/usr/local/include/opencv" />
         </Compiler>
         <MakeCommands>
            <Build command="/usr/bin/make -f &quot;/home/zhu/irdv_sim20160811/irdv_sim/build_ubuntu/Makefile&quot;  VERBOSE=1 main" />
            <CompileFile command="/usr/bin/make -f &quot;/home/zhu/irdv_sim20160811/irdv_sim/build_ubuntu/Makefile&quot;  VERBOSE=1 &quot;$file&quot;" />
            <Clean command="/usr/bin/make -f &quot;/home/zhu/irdv_sim20160811/irdv_sim/build_ubuntu/Makefile&quot;  VERBOSE=1 clean" />
            <DistClean command="/usr/bin/make -f &quot;/home/zhu/irdv_sim20160811/irdv_sim/build_ubuntu/Makefile&quot;  VERBOSE=1 clean" />
         </MakeCommands>
      </Target>
      <Target title="main/fast">
         <Option output="/home/zhu/irdv_sim20160811/irdv_sim/build_ubuntu/main" prefix_auto="0" extension_auto="0" />
         <Option working_dir="/home/zhu/irdv_sim20160811/irdv_sim/build_ubuntu" />
         <Option object_output="./" />
         <Option type="1" />
         <Option compiler="gcc" />
         <Compiler>
            <Add option="-DDISABLE_PCAP" />
            <Add option="-DDISABLE_PNG" />
            <Add directory="/src" />
            <Add directory="/usr/include" />
            <Add directory="/usr/include/c++/4.8" />
            <Add directory="/usr/include/c++/4.8/backward" />
            <Add directory="/usr/include/eigen3" />
            <Add directory="/usr/include/ni" />
            <Add directory="/usr/include/openni2" />
            <Add directory="/usr/include/pcl-1.7" />
            <Add directory="/usr/include/vtk-5.8" />
            <Add directory="/usr/include/x86_64-linux-gnu" />
            <Add directory="/usr/include/x86_64-linux-gnu/c++/4.8" />
            <Add directory="/usr/lib/gcc/x86_64-linux-gnu/4.8/include" />
            <Add directory="/usr/lib/gcc/x86_64-linux-gnu/4.8/include-fixed" />
            <Add directory="/usr/local/include" />
            <Add directory="/usr/local/include/opencv" />
         </Compiler>
         <MakeCommands>
            <Build command="/usr/bin/make -f &quot;/home/zhu/irdv_sim20160811/irdv_sim/build_ubuntu/Makefile&quot;  VERBOSE=1 main/fast" />
            <CompileFile command="/usr/bin/make -f &quot;/home/zhu/irdv_sim20160811/irdv_sim/build_ubuntu/Makefile&quot;  VERBOSE=1 &quot;$file&quot;" />
            <Clean command="/usr/bin/make -f &quot;/home/zhu/irdv_sim20160811/irdv_sim/build_ubuntu/Makefile&quot;  VERBOSE=1 clean" />
            <DistClean command="/usr/bin/make -f &quot;/home/zhu/irdv_sim20160811/irdv_sim/build_ubuntu/Makefile&quot;  VERBOSE=1 clean" />
         </MakeCommands>
      </Target>
      <Target title="rebuild_cache">
         <Option working_dir="/home/zhu/irdv_sim20160811/irdv_sim/build_ubuntu" />
         <Option type="4" />
         <MakeCommands>
            <Build command="/usr/bin/make -f &quot;/home/zhu/irdv_sim20160811/irdv_sim/build_ubuntu/Makefile&quot;  VERBOSE=1 rebuild_cache" />
            <CompileFile command="/usr/bin/make -f &quot;/home/zhu/irdv_sim20160811/irdv_sim/build_ubuntu/Makefile&quot;  VERBOSE=1 &quot;$file&quot;" />
            <Clean command="/usr/bin/make -f &quot;/home/zhu/irdv_sim20160811/irdv_sim/build_ubuntu/Makefile&quot;  VERBOSE=1 clean" />
            <DistClean command="/usr/bin/make -f &quot;/home/zhu/irdv_sim20160811/irdv_sim/build_ubuntu/Makefile&quot;  VERBOSE=1 clean" />
         </MakeCommands>
      </Target>
      </Build>
      <Unit filename="/home/zhu/irdv_sim20160811/irdv_sim/src/basefunc.cpp">
      </Unit>
      <Unit filename="/home/zhu/irdv_sim20160811/irdv_sim/src/calib/stereocalib.cpp">
      </Unit>
      <Unit filename="/home/zhu/irdv_sim20160811/irdv_sim/src/main.cpp">
      </Unit>
      <Unit filename="/home/zhu/irdv_sim20160811/irdv_sim/src/rectify/stereorectify.cpp">
      </Unit>
      <Unit filename="/home/zhu/irdv_sim20160811/irdv_sim/src/stereoreconstruction.cpp">
      </Unit>
      <Unit filename="/home/zhu/irdv_sim20160811/irdv_sim/src/basefunc.h">
      </Unit>
      <Unit filename="/home/zhu/irdv_sim20160811/irdv_sim/src/calib/stereocalib.h">
      </Unit>
      <Unit filename="/home/zhu/irdv_sim20160811/irdv_sim/src/rectify/stereorectify.h">
      </Unit>
      <Unit filename="/home/zhu/irdv_sim20160811/irdv_sim/src/stereoreconstruction.h">
      </Unit>
      <Unit filename="/home/zhu/irdv_sim20160811/irdv_sim/CMakeLists.txt">
          <Option virtualFolder="CMake Files\" />
      </Unit>
      <Unit filename="/home/zhu/irdv_sim20160811/irdv_sim/../../../../usr/local/share/OpenCV/OpenCVConfig-version.cmake">
          <Option virtualFolder="CMake Files\..\..\..\..\usr\local\share\OpenCV\" />
      </Unit>
      <Unit filename="/home/zhu/irdv_sim20160811/irdv_sim/../../../../usr/local/share/OpenCV/OpenCVConfig.cmake">
          <Option virtualFolder="CMake Files\..\..\..\..\usr\local\share\OpenCV\" />
      </Unit>
      <Unit filename="/home/zhu/irdv_sim20160811/irdv_sim/../../../../usr/local/share/OpenCV/OpenCVModules.cmake">
          <Option virtualFolder="CMake Files\..\..\..\..\usr\local\share\OpenCV\" />
      </Unit>
      <Unit filename="/home/zhu/irdv_sim20160811/irdv_sim/../../../../usr/local/share/OpenCV/OpenCVModules-release.cmake">
          <Option virtualFolder="CMake Files\..\..\..\..\usr\local\share\OpenCV\" />
      </Unit>
      <Unit filename="/home/zhu/irdv_sim20160811/irdv_sim/../../../../usr/share/pcl-1.7/PCLConfigVersion.cmake">
          <Option virtualFolder="CMake Files\..\..\..\..\usr\share\pcl-1.7\" />
      </Unit>
      <Unit filename="/home/zhu/irdv_sim20160811/irdv_sim/../../../../usr/share/pcl-1.7/PCLConfig.cmake">
          <Option virtualFolder="CMake Files\..\..\..\..\usr\share\pcl-1.7\" />
      </Unit>
      <Unit filename="/home/zhu/irdv_sim20160811/irdv_sim/../../../../usr/lib/vtk-5.8/VTKConfigVersion.cmake">
          <Option virtualFolder="CMake Files\..\..\..\..\usr\lib\vtk-5.8\" />
      </Unit>
      <Unit filename="/home/zhu/irdv_sim20160811/irdv_sim/../../../../usr/lib/vtk-5.8/VTKConfig.cmake">
          <Option virtualFolder="CMake Files\..\..\..\..\usr\lib\vtk-5.8\" />
      </Unit>
      <Unit filename="/home/zhu/irdv_sim20160811/irdv_sim/../../../../usr/lib/vtk-5.8/VTKConfig-Java.cmake">
          <Option virtualFolder="CMake Files\..\..\..\..\usr\lib\vtk-5.8\" />
      </Unit>
      <Unit filename="/home/zhu/irdv_sim20160811/irdv_sim/../../../../usr/lib/vtk-5.8/VTKConfig-Python.cmake">
          <Option virtualFolder="CMake Files\..\..\..\..\usr\lib\vtk-5.8\" />
      </Unit>
      <Unit filename="/home/zhu/irdv_sim20160811/irdv_sim/../../../../usr/lib/vtk-5.8/VTKConfig-Tcl.cmake">
          <Option virtualFolder="CMake Files\..\..\..\..\usr\lib\vtk-5.8\" />
      </Unit>
      <Unit filename="/home/zhu/irdv_sim20160811/irdv_sim/../../../../usr/lib/vtk-5.8/VTKConfigQt.cmake">
          <Option virtualFolder="CMake Files\..\..\..\..\usr\lib\vtk-5.8\" />
      </Unit>
      <Unit filename="/home/zhu/irdv_sim20160811/irdv_sim/../../../../usr/lib/vtk-5.8/VTKTargets.cmake">
          <Option virtualFolder="CMake Files\..\..\..\..\usr\lib\vtk-5.8\" />
      </Unit>
      <Unit filename="/home/zhu/irdv_sim20160811/irdv_sim/../../../../usr/lib/vtk-5.8/VTKTargets-release.cmake">
          <Option virtualFolder="CMake Files\..\..\..\..\usr\lib\vtk-5.8\" />
      </Unit>
      <Unit filename="/home/zhu/irdv_sim20160811/irdv_sim/../../../../usr/lib/vtk-5.8/UseVTK.cmake">
          <Option virtualFolder="CMake Files\..\..\..\..\usr\lib\vtk-5.8\" />
      </Unit>
      <Unit filename="/home/zhu/irdv_sim20160811/irdv_sim/../../../../usr/lib/vtk-5.8/VTKConfigVersion.cmake">
          <Option virtualFolder="CMake Files\..\..\..\..\usr\lib\vtk-5.8\" />
      </Unit>
      <Unit filename="/home/zhu/irdv_sim20160811/irdv_sim/../../../../usr/lib/vtk-5.8/VTKConfig.cmake">
          <Option virtualFolder="CMake Files\..\..\..\..\usr\lib\vtk-5.8\" />
      </Unit>
      <Unit filename="/home/zhu/irdv_sim20160811/irdv_sim/../../../../usr/lib/vtk-5.8/VTKConfig-Java.cmake">
          <Option virtualFolder="CMake Files\..\..\..\..\usr\lib\vtk-5.8\" />
      </Unit>
      <Unit filename="/home/zhu/irdv_sim20160811/irdv_sim/../../../../usr/lib/vtk-5.8/VTKConfig-Python.cmake">
          <Option virtualFolder="CMake Files\..\..\..\..\usr\lib\vtk-5.8\" />
      </Unit>
      <Unit filename="/home/zhu/irdv_sim20160811/irdv_sim/../../../../usr/lib/vtk-5.8/VTKConfig-Tcl.cmake">
          <Option virtualFolder="CMake Files\..\..\..\..\usr\lib\vtk-5.8\" />
      </Unit>
      <Unit filename="/home/zhu/irdv_sim20160811/irdv_sim/../../../../usr/lib/vtk-5.8/VTKConfigQt.cmake">
          <Option virtualFolder="CMake Files\..\..\..\..\usr\lib\vtk-5.8\" />
      </Unit>
      <Unit filename="/home/zhu/irdv_sim20160811/irdv_sim/../../../../usr/lib/vtk-5.8/UseVTK.cmake">
          <Option virtualFolder="CMake Files\..\..\..\..\usr\lib\vtk-5.8\" />
      </Unit>
      <Unit filename="/home/zhu/irdv_sim20160811/irdv_sim/../../../../usr/lib/vtk-5.8/CMake/vtkMakeInstantiator.cmake">
          <Option virtualFolder="CMake Files\..\..\..\..\usr\lib\vtk-5.8\CMake\" />
      </Unit>
   </Project>
</CodeBlocks_project_file>
